
Microsoft Visual Studio Solution File, Format Version 12.00
# Visual Studio 14
VisualStudioVersion = 14.0.25420.1
MinimumVisualStudioVersion = 10.0.40219.1
Project("{2150E333-8FDC-42A3-9474-1A3956D46DE8}") = "Solution Items", "Solution Items", "{E8E235BA-E1FC-45E3-84DA-7B30E79CF3ED}"
	ProjectSection(SolutionItems) = preProject
		global.json = global.json
	EndProjectSection
EndProject
Project("{8BB2217D-0F2D-49D1-97BC-3654ED321F3B}") = "Panic.StringUtils", "src\Panic.StringUtils\Panic.StringUtils.xproj", "{64C53146-5818-4F89-A529-E24D1D5B6CDD}"
EndProject
Global
	GlobalSection(SolutionConfigurationPlatforms) = preSolution
		Debug|Any CPU = Debug|Any CPU
		Release|Any CPU = Release|Any CPU
	EndGlobalSection
	GlobalSection(ProjectConfigurationPlatforms) = postSolution
		{64C53146-5818-4F89-A529-E24D1D5B6CDD}.Debug|Any CPU.ActiveCfg = Debug|Any CPU
		{64C53146-5818-4F89-A529-E24D1D5B6CDD}.Debug|Any CPU.Build.0 = Debug|Any CPU
		{64C53146-5818-4F89-A529-E24D1D5B6CDD}.Release|Any CPU.ActiveCfg = Release|Any CPU
		{64C53146-5818-4F89-A529-E24D1D5B6CDD}.Release|Any CPU.Build.0 = Release|Any CPU
	EndGlobalSection
	GlobalSection(SolutionProperties) = preSolution
		HideSolutionNode = FALSE
	EndGlobalSection
EndGlobal
